// !$*UTF8*$!
{
	archiveVersion = 1;
	classes = {
	};
	objectVersion = 50;
	objects = {

/* Begin PBXBuildFile section */
		AF24E65C25D8278E003276A3 /* MiFirstAppApp.swift in Sources */ = {isa = PBXBuildFile; fileRef = AF24E65B25D8278E003276A3 /* MiFirstAppApp.swift */; };
		AF24E66025D82793003276A3 /* Assets.xcassets in Resources */ = {isa = PBXBuildFile; fileRef = AF24E65F25D82793003276A3 /* Assets.xcassets */; };
		AF24E66325D82793003276A3 /* Preview Assets.xcassets in Resources */ = {isa = PBXBuildFile; fileRef = AF24E66225D82793003276A3 /* Preview Assets.xcassets */; };
		AF24E66C25D827C2003276A3 /* Driver.swift in Sources */ = {isa = PBXBuildFile; fileRef = AF24E66B25D827C2003276A3 /* Driver.swift */; };
		AF24E66F25D82C88003276A3 /* StatsRaw.swift in Sources */ = {isa = PBXBuildFile; fileRef = AF24E66E25D82C88003276A3 /* StatsRaw.swift */; };
		AF24E67225D83361003276A3 /* DriverRow.swift in Sources */ = {isa = PBXBuildFile; fileRef = AF24E67125D83361003276A3 /* DriverRow.swift */; };
		AF24E67525D838ED003276A3 /* DriverList.swift in Sources */ = {isa = PBXBuildFile; fileRef = AF24E67425D838ED003276A3 /* DriverList.swift */; };
		AF24E67D25D840E8003276A3 /* DriverDetail.swift in Sources */ = {isa = PBXBuildFile; fileRef = AF24E65D25D8278E003276A3 /* DriverDetail.swift */; };
/* End PBXBuildFile section */

/* Begin PBXFileReference section */
		AF24E65825D8278E003276A3 /* MiFirstApp.app */ = {isa = PBXFileReference; explicitFileType = wrapper.application; includeInIndex = 0; path = MiFirstApp.app; sourceTree = BUILT_PRODUCTS_DIR; };
		AF24E65B25D8278E003276A3 /* MiFirstAppApp.swift */ = {isa = PBXFileReference; lastKnownFileType = sourcecode.swift; path = MiFirstAppApp.swift; sourceTree = "<group>"; };
		AF24E65D25D8278E003276A3 /* DriverDetail.swift */ = {isa = PBXFileReference; lastKnownFileType = sourcecode.swift; path = DriverDetail.swift; sourceTree = "<group>"; };
		AF24E65F25D82793003276A3 /* Assets.xcassets */ = {isa = PBXFileReference; lastKnownFileType = folder.assetcatalog; path = Assets.xcassets; sourceTree = "<group>"; };
		AF24E66225D82793003276A3 /* Preview Assets.xcassets */ = {isa = PBXFileReference; lastKnownFileType = folder.assetcatalog; path = "Preview Assets.xcassets"; sourceTree = "<group>"; };
		AF24E66425D82793003276A3 /* Info.plist */ = {isa = PBXFileReference; lastKnownFileType = text.plist.xml; path = Info.plist; sourceTree = "<group>"; };
		AF24E66B25D827C2003276A3 /* Driver.swift */ = {isa = PBXFileReference; fileEncoding = 4; lastKnownFileType = sourcecode.swift; path = Driver.swift; sourceTree = "<group>"; };
		AF24E66E25D82C88003276A3 /* StatsRaw.swift */ = {isa = PBXFileReference; lastKnownFileType = sourcecode.swift; path = StatsRaw.swift; sourceTree = "<group>"; };
		AF24E67125D83361003276A3 /* DriverRow.swift */ = {isa = PBXFileReference; lastKnownFileType = sourcecode.swift; path = DriverRow.swift; sourceTree = "<group>"; };
		AF24E67425D838ED003276A3 /* DriverList.swift */ = {isa = PBXFileReference; lastKnownFileType = sourcecode.swift; path = DriverList.swift; sourceTree = "<group>"; };
/* End PBXFileReference section */

/* Begin PBXFrameworksBuildPhase section */
		AF24E65525D8278E003276A3 /* Frameworks */ = {
			isa = PBXFrameworksBuildPhase;
			buildActionMask = 2147483647;
			files = (
			);
			runOnlyForDeploymentPostprocessing = 0;
		};
/* End PBXFrameworksBuildPhase section */

/* Begin PBXGroup section */
		AF24E64F25D8278E003276A3 = {
			isa = PBXGroup;
			children = (
				AF24E65A25D8278E003276A3 /* MiFirstApp */,
				AF24E65925D8278E003276A3 /* Products */,
			);
			sourceTree = "<group>";
		};
		AF24E65925D8278E003276A3 /* Products */ = {
			isa = PBXGroup;
			children = (
				AF24E65825D8278E003276A3 /* MiFirstApp.app */,
			);
			name = Products;
			sourceTree = "<group>";
		};
		AF24E65A25D8278E003276A3 /* MiFirstApp */ = {
			isa = PBXGroup;
			children = (
				AF24E65B25D8278E003276A3 /* MiFirstAppApp.swift */,
				AF24E65D25D8278E003276A3 /* DriverDetail.swift */,
				AF24E66B25D827C2003276A3 /* Driver.swift */,
				AF24E65F25D82793003276A3 /* Assets.xcassets */,
				AF24E66425D82793003276A3 /* Info.plist */,
				AF24E66125D82793003276A3 /* Preview Content */,
				AF24E66E25D82C88003276A3 /* StatsRaw.swift */,
				AF24E67125D83361003276A3 /* DriverRow.swift */,
				AF24E67425D838ED003276A3 /* DriverList.swift */,
			);
			path = MiFirstApp;
			sourceTree = "<group>";
		};
		AF24E66125D82793003276A3 /* Preview Content */ = {
			isa = PBXGroup;
			children = (
				AF24E66225D82793003276A3 /* Preview Assets.xcassets */,
			);
			path = "Preview Content";
			sourceTree = "<group>";
		};
/* End PBXGroup section */

/* Begin PBXNativeTarget section */
		AF24E65725D8278E003276A3 /* MiFirstApp */ = {
			isa = PBXNativeTarget;
			buildConfigurationList = AF24E66725D82793003276A3 /* Build configuration list for PBXNativeTarget "MiFirstApp" */;
			buildPhases = (
				AF24E65425D8278E003276A3 /* Sources */,
				AF24E65525D8278E003276A3 /* Frameworks */,
				AF24E65625D8278E003276A3 /* Resources */,
			);
			buildRules = (
			);
			dependencies = (
			);
			name = MiFirstApp;
			productName = MiFirstApp;
			productReference = AF24E65825D8278E003276A3 /* MiFirstApp.app */;
			productType = "com.apple.product-type.application";
		};
/* End PBXNativeTarget section */

/* Begin PBXProject section */
		AF24E65025D8278E003276A3 /* Project object */ = {
			isa = PBXProject;
			attributes = {
				LastSwiftUpdateCheck = 1230;
				LastUpgradeCheck = 1230;
				TargetAttributes = {
					AF24E65725D8278E003276A3 = {
						CreatedOnToolsVersion = 12.3;
					};
				};
			};
			buildConfigurationList = AF24E65325D8278E003276A3 /* Build configuration list for PBXProject "MiFirstApp" */;
			compatibilityVersion = "Xcode 9.3";
			developmentRegion = en;
			hasScannedForEncodings = 0;
			knownRegions = (
				en,
				Base,
			);
			mainGroup = AF24E64F25D8278E003276A3;
			productRefGroup = AF24E65925D8278E003276A3 /* Products */;
			projectDirPath = "";
			projectRoot = "";
			targets = (
				AF24E65725D8278E003276A3 /* MiFirstApp */,
			);
		};
/* End PBXProject section */

/* Begin PBXResourcesBuildPhase section */
		AF24E65625D8278E003276A3 /* Resources */ = {
			isa = PBXResourcesBuildPhase;
			buildActionMask = 2147483647;
			files = (
				AF24E66325D82793003276A3 /* Preview Assets.xcassets in Resources */,
				AF24E66025D82793003276A3 /* Assets.xcassets in Resources */,
			);
			runOnlyForDeploymentPostprocessing = 0;
		};
/* End PBXResourcesBuildPhase section */

/* Begin PBXSourcesBuildPhase section */
		AF24E65425D8278E003276A3 /* Sources */ = {
			isa = PBXSourcesBuildPhase;
			buildActionMask = 2147483647;
			files = (
				AF24E66C25D827C2003276A3 /* Driver.swift in Sources */,
				AF24E66F25D82C88003276A3 /* StatsRaw.swift in Sources */,
				AF24E65C25D8278E003276A3 /* MiFirstAppApp.swift in Sources */,
				AF24E67225D83361003276A3 /* DriverRow.swift in Sources */,
				AF24E67D25D840E8003276A3 /* DriverDetail.swift in Sources */,
				AF24E67525D838ED003276A3 /* DriverList.swift in Sources */,
			);
			runOnlyForDeploymentPostprocessing = 0;
		};
/* End PBXSourcesBuildPhase section */

/* Begin XCBuildConfiguration section */
		AF24E66525D82793003276A3 /* Debug */ = {
			isa = XCBuildConfiguration;
			buildSettings = {
				ALWAYS_SEARCH_USER_PATHS = NO;
				CLANG_ANALYZER_NONNULL = YES;
				CLANG_ANALYZER_NUMBER_OBJECT_CONVERSION = YES_AGGRESSIVE;
				CLANG_CXX_LANGUAGE_STANDARD = "gnu++14";
				CLANG_CXX_LIBRARY = "libc++";
				CLANG_ENABLE_MODULES = YES;
				CLANG_ENABLE_OBJC_ARC = YES;
				CLANG_ENABLE_OBJC_WEAK = YES;
				CLANG_WARN_BLOCK_CAPTURE_AUTORELEASING = YES;
				CLANG_WARN_BOOL_CONVERSION = YES;
				CLANG_WARN_COMMA = YES;
				CLANG_WARN_CONSTANT_CONVERSION = YES;
				CLANG_WARN_DEPRECATED_OBJC_IMPLEMENTATIONS = YES;
				CLANG_WARN_DIRECT_OBJC_ISA_USAGE = YES_ERROR;
				CLANG_WARN_DOCUMENTATION_COMMENTS = YES;
				CLANG_WARN_EMPTY_BODY = YES;
				CLANG_WARN_ENUM_CONVERSION = YES;
				CLANG_WARN_INFINITE_RECURSION = YES;
				CLANG_WARN_INT_CONVERSION = YES;
				CLANG_WARN_NON_LITERAL_NULL_CONVERSION = YES;
				CLANG_WARN_OBJC_IMPLICIT_RETAIN_SELF = YES;
				CLANG_WARN_OBJC_LITERAL_CONVERSION = YES;
				CLANG_WARN_OBJC_ROOT_CLASS = YES_ERROR;
				CLANG_WARN_QUOTED_INCLUDE_IN_FRAMEWORK_HEADER = YES;
				CLANG_WARN_RANGE_LOOP_ANALYSIS = YES;
				CLANG_WARN_STRICT_PROTOTYPES = YES;
				CLANG_WARN_SUSPICIOUS_MOVE = YES;
				CLANG_WARN_UNGUARDED_AVAILABILITY = YES_AGGRESSIVE;
				CLANG_WARN_UNREACHABLE_CODE = YES;
				CLANG_WARN__DUPLICATE_METHOD_MATCH = YES;
				COPY_PHASE_STRIP = NO;
				DEBUG_INFORMATION_FORMAT = dwarf;
				ENABLE_STRICT_OBJC_MSGSEND = YES;
				ENABLE_TESTABILITY = YES;
				GCC_C_LANGUAGE_STANDARD = gnu11;
				GCC_DYNAMIC_NO_PIC = NO;
				GCC_NO_COMMON_BLOCKS = YES;
				GCC_OPTIMIZATION_LEVEL = 0;
				GCC_PREPROCESSOR_DEFINITIONS = (
					"DEBUG=1",
					"$(inherited)",
				);
				GCC_WARN_64_TO_32_BIT_CONVERSION = YES;
				GCC_WARN_ABOUT_RETURN_TYPE = YES_ERROR;
				GCC_WARN_UNDECLARED_SELECTOR = YES;
				GCC_WARN_UNINITIALIZED_AUTOS = YES_AGGRESSIVE;
				GCC_WARN_UNUSED_FUNCTION = YES;
				GCC_WARN_UNUSED_VARIABLE = YES;
				IPHONEOS_DEPLOYMENT_TARGET = 14.3;
				MTL_ENABLE_DEBUG_INFO = INCLUDE_SOURCE;
				MTL_FAST_MATH = YES;
				ONLY_ACTIVE_ARCH = YES;
				SDKROOT = iphoneos;
				SWIFT_ACTIVE_COMPILATION_CONDITIONS = DEBUG;
				SWIFT_OPTIMIZATION_LEVEL = "-Onone";
			};
			name = Debug;
		};
		AF24E66625D82793003276A3 /* Release */ = {
			isa = XCBuildConfiguration;
			buildSettings = {
				ALWAYS_SEARCH_USER_PATHS = NO;
				CLANG_ANALYZER_NONNULL = YES;
				CLANG_ANALYZER_NUMBER_OBJECT_CONVERSION = YES_AGGRESSIVE;
				CLANG_CXX_LANGUAGE_STANDARD = "gnu++14";
				CLANG_CXX_LIBRARY = "libc++";
				CLANG_ENABLE_MODULES = YES;
				CLANG_ENABLE_OBJC_ARC = YES;
				CLANG_ENABLE_OBJC_WEAK = YES;
				CLANG_WARN_BLOCK_CAPTURE_AUTORELEASING = YES;
				CLANG_WARN_BOOL_CONVERSION = YES;
				CLANG_WARN_COMMA = YES;
				CLANG_WARN_CONSTANT_CONVERSION = YES;
				CLANG_WARN_DEPRECATED_OBJC_IMPLEMENTATIONS = YES;
				CLANG_WARN_DIRECT_OBJC_ISA_USAGE = YES_ERROR;
				CLANG_WARN_DOCUMENTATION_COMMENTS = YES;
				CLANG_WARN_EMPTY_BODY = YES;
				CLANG_WARN_ENUM_CONVERSION = YES;
				CLANG_WARN_INFINITE_RECURSION = YES;
				CLANG_WARN_INT_CONVERSION = YES;
				CLANG_WARN_NON_LITERAL_NULL_CONVERSION = YES;
				CLANG_WARN_OBJC_IMPLICIT_RETAIN_SELF = YES;
				CLANG_WARN_OBJC_LITERAL_CONVERSION = YES;
				CLANG_WARN_OBJC_ROOT_CLASS = YES_ERROR;
				CLANG_WARN_QUOTED_INCLUDE_IN_FRAMEWORK_HEADER = YES;
				CLANG_WARN_RANGE_LOOP_ANALYSIS = YES;
				CLANG_WARN_STRICT_PROTOTYPES = YES;
				CLANG_WARN_SUSPICIOUS_MOVE = YES;
				CLANG_WARN_UNGUARDED_AVAILABILITY = YES_AGGRESSIVE;
				CLANG_WARN_UNREACHABLE_CODE = YES;
				CLANG_WARN__DUPLICATE_METHOD_MATCH = YES;
				COPY_PHASE_STRIP = NO;
				DEBUG_INFORMATION_FORMAT = "dwarf-with-dsym";
				ENABLE_NS_ASSERTIONS = NO;
				ENABLE_STRICT_OBJC_MSGSEND = YES;
				GCC_C_LANGUAGE_STANDARD = gnu11;
				GCC_NO_COMMON_BLOCKS = YES;
				GCC_WARN_64_TO_32_BIT_CONVERSION = YES;
				GCC_WARN_ABOUT_RETURN_TYPE = YES_ERROR;
				GCC_WARN_UNDECLARED_SELECTOR = YES;
				GCC_WARN_UNINITIALIZED_AUTOS = YES_AGGRESSIVE;
				GCC_WARN_UNUSED_FUNCTION = YES;
				GCC_WARN_UNUSED_VARIABLE = YES;
				IPHONEOS_DEPLOYMENT_TARGET = 14.3;
				MTL_ENABLE_DEBUG_INFO = NO;
				MTL_FAST_MATH = YES;
				SDKROOT = iphoneos;
				SWIFT_COMPILATION_MODE = wholemodule;
				SWIFT_OPTIMIZATION_LEVEL = "-O";
				VALIDATE_PRODUCT = YES;
			};
			name = Release;
		};
		AF24E66825D82793003276A3 /* Debug */ = {
			isa = XCBuildConfiguration;
			buildSettings = {
				ASSETCATALOG_COMPILER_APPICON_NAME = AppIcon;
				ASSETCATALOG_COMPILER_GLOBAL_ACCENT_COLOR_NAME = AccentColor;
				CODE_SIGN_STYLE = Automatic;
				DEVELOPMENT_ASSET_PATHS = "\"MiFirstApp/Preview Content\"";
				DEVELOPMENT_TEAM = Z4GRA75UCL;
				ENABLE_PREVIEWS = YES;
				INFOPLIST_FILE = MiFirstApp/Info.plist;
				IPHONEOS_DEPLOYMENT_TARGET = 14.0;
				LD_RUNPATH_SEARCH_PATHS = (
					"$(inherited)",
					"@executable_path/Frameworks",
				);
				PRODUCT_BUNDLE_IDENTIFIER = Dreamloading.MiFirstApp;
				PRODUCT_NAME = "$(TARGET_NAME)";
				SWIFT_VERSION = 5.0;
				TARGETED_DEVICE_FAMILY = "1,2";
			};
			name = Debug;
		};
		AF24E66925D82793003276A3 /* Release */ = {
			isa = XCBuildConfiguration;
			buildSettings = {
				ASSETCATALOG_COMPILER_APPICON_NAME = AppIcon;
				ASSETCATALOG_COMPILER_GLOBAL_ACCENT_COLOR_NAME = AccentColor;
				CODE_SIGN_STYLE = Automatic;
				DEVELOPMENT_ASSET_PATHS = "\"MiFirstApp/Preview Content\"";
				DEVELOPMENT_TEAM = Z4GRA75UCL;
				ENABLE_PREVIEWS = YES;
				INFOPLIST_FILE = MiFirstApp/Info.plist;
				IPHONEOS_DEPLOYMENT_TARGET = 14.0;
				LD_RUNPATH_SEARCH_PATHS = (
					"$(inherited)",
					"@executable_path/Frameworks",
				);
				PRODUCT_BUNDLE_IDENTIFIER = Dreamloading.MiFirstApp;
				PRODUCT_NAME = "$(TARGET_NAME)";
				SWIFT_VERSION = 5.0;
				TARGETED_DEVICE_FAMILY = "1,2";
			};
			name = Release;
		};
/* End XCBuildConfiguration section */

/* Begin XCConfigurationList section */
		AF24E65325D8278E003276A3 /* Build configuration list for PBXProject "MiFirstApp" */ = {
			isa = XCConfigurationList;
			buildConfigurations = (
				AF24E66525D82793003276A3 /* Debug */,
				AF24E66625D82793003276A3 /* Release */,
			);
			defaultConfigurationIsVisible = 0;
			defaultConfigurationName = Release;
		};
		AF24E66725D82793003276A3 /* Build configuration list for PBXNativeTarget "MiFirstApp" */ = {
			isa = XCConfigurationList;
			buildConfigurations = (
				AF24E66825D82793003276A3 /* Debug */,
				AF24E66925D82793003276A3 /* Release */,
			);
			defaultConfigurationIsVisible = 0;
			defaultConfigurationName = Release;
		};
/* End XCConfigurationList section */
	};
	rootObject = AF24E65025D8278E003276A3 /* Project object */;
}
